
Microsoft Visual Studio Solution File, Format Version 12.00
# Visual Studio 14
VisualStudioVersion = 14.0.25123.0
MinimumVisualStudioVersion = 10.0.40219.1
Project("{FAE04EC0-301F-11D3-BF4B-00C04F79EFBC}") = "C3198477_C3199596_Assig3", "C3198477_C3199596_Assig3\C3198477_C3199596_Assig3.csproj", "{6B328592-5AF1-4FEA-8F44-AD6A611A134A}"
EndProject
Project("{FAE04EC0-301F-11D3-BF4B-00C04F79EFBC}") = "BusinessLogic", "BusinessLogic\BusinessLogic.csproj", "{C9DC67CA-0ACB-45E6-AEF0-0E129C66426C}"
EndProject
Project("{FAE04EC0-301F-11D3-BF4B-00C04F79EFBC}") = "DataAccess", "DataAccess\DataAccess.csproj", "{6AAEBEBF-68CF-458C-8767-D04E7CA09C3F}"
EndProject
Project("{FAE04EC0-301F-11D3-BF4B-00C04F79EFBC}") = "DataTransactionObjects", "DataTransactionObjects\DataTransactionObjects.csproj", "{82FF0212-5CC3-4F6E-863B-5392F88363F3}"
EndProject
Global
	GlobalSection(SolutionConfigurationPlatforms) = preSolution
		Debug|Any CPU = Debug|Any CPU
		Release|Any CPU = Release|Any CPU
	EndGlobalSection
	GlobalSection(ProjectConfigurationPlatforms) = postSolution
		{6B328592-5AF1-4FEA-8F44-AD6A611A134A}.Debug|Any CPU.ActiveCfg = Debug|Any CPU
		{6B328592-5AF1-4FEA-8F44-AD6A611A134A}.Debug|Any CPU.Build.0 = Debug|Any CPU
		{6B328592-5AF1-4FEA-8F44-AD6A611A134A}.Release|Any CPU.ActiveCfg = Release|Any CPU
		{6B328592-5AF1-4FEA-8F44-AD6A611A134A}.Release|Any CPU.Build.0 = Release|Any CPU
		{C9DC67CA-0ACB-45E6-AEF0-0E129C66426C}.Debug|Any CPU.ActiveCfg = Debug|Any CPU
		{C9DC67CA-0ACB-45E6-AEF0-0E129C66426C}.Debug|Any CPU.Build.0 = Debug|Any CPU
		{C9DC67CA-0ACB-45E6-AEF0-0E129C66426C}.Release|Any CPU.ActiveCfg = Release|Any CPU
		{C9DC67CA-0ACB-45E6-AEF0-0E129C66426C}.Release|Any CPU.Build.0 = Release|Any CPU
		{6AAEBEBF-68CF-458C-8767-D04E7CA09C3F}.Debug|Any CPU.ActiveCfg = Debug|Any CPU
		{6AAEBEBF-68CF-458C-8767-D04E7CA09C3F}.Debug|Any CPU.Build.0 = Debug|Any CPU
		{6AAEBEBF-68CF-458C-8767-D04E7CA09C3F}.Release|Any CPU.ActiveCfg = Release|Any CPU
		{6AAEBEBF-68CF-458C-8767-D04E7CA09C3F}.Release|Any CPU.Build.0 = Release|Any CPU
		{82FF0212-5CC3-4F6E-863B-5392F88363F3}.Debug|Any CPU.ActiveCfg = Debug|Any CPU
		{82FF0212-5CC3-4F6E-863B-5392F88363F3}.Debug|Any CPU.Build.0 = Debug|Any CPU
		{82FF0212-5CC3-4F6E-863B-5392F88363F3}.Release|Any CPU.ActiveCfg = Release|Any CPU
		{82FF0212-5CC3-4F6E-863B-5392F88363F3}.Release|Any CPU.Build.0 = Release|Any CPU
	EndGlobalSection
	GlobalSection(SolutionProperties) = preSolution
		HideSolutionNode = FALSE
	EndGlobalSection
EndGlobal
